
Microsoft Visual Studio Solution File, Format Version 12.00
# Visual Studio Version 17
VisualStudioVersion = 17.4.33110.190
MinimumVisualStudioVersion = 10.0.40219.1
Project("{FAE04EC0-301F-11D3-BF4B-00C04F79EFBC}") = "BancoEx", "BancoEx\BancoEx.csproj", "{8C1A629F-DC35-4B54-BB87-7B0495D46042}"
EndProject
Global
	GlobalSection(SolutionConfigurationPlatforms) = preSolution
		Debug|Any CPU = Debug|Any CPU
		Release|Any CPU = Release|Any CPU
	EndGlobalSection
	GlobalSection(ProjectConfigurationPlatforms) = postSolution
		{8C1A629F-DC35-4B54-BB87-7B0495D46042}.Debug|Any CPU.ActiveCfg = Debug|Any CPU
		{8C1A629F-DC35-4B54-BB87-7B0495D46042}.Debug|Any CPU.Build.0 = Debug|Any CPU
		{8C1A629F-DC35-4B54-BB87-7B0495D46042}.Release|Any CPU.ActiveCfg = Release|Any CPU
		{8C1A629F-DC35-4B54-BB87-7B0495D46042}.Release|Any CPU.Build.0 = Release|Any CPU
	EndGlobalSection
	GlobalSection(SolutionProperties) = preSolution
		HideSolutionNode = FALSE
	EndGlobalSection
	GlobalSection(ExtensibilityGlobals) = postSolution
		SolutionGuid = {E7D4274B-EE50-44F0-9F10-B23F39C8CC51}
	EndGlobalSection
EndGlobal
